
Microsoft Visual Studio Solution File, Format Version 12.00
# Visual Studio Version 17
VisualStudioVersion = 17.14.36616.10 d17.14
MinimumVisualStudioVersion = 10.0.40219.1
Project("{E24C65DC-7377-472B-9ABA-BC803B73C61A}") = "IdanShalomWebSite", "IdanShalomWebSite\", "{7D91F4C9-C1B7-1122-4508-6AAD8D60AEFA}"
	ProjectSection(WebsiteProperties) = preProject
		TargetFrameworkMoniker = ".NETFramework,Version%3Dv4.7.2"
		Debug.AspNetCompiler.VirtualPath = "/localhost_58479"
		Debug.AspNetCompiler.PhysicalPath = "IdanShalomWebSite\"
		Debug.AspNetCompiler.TargetPath = "PrecompiledWeb\localhost_58479\"
		Debug.AspNetCompiler.Updateable = "true"
		Debug.AspNetCompiler.ForceOverwrite = "true"
		Debug.AspNetCompiler.FixedNames = "false"
		Debug.AspNetCompiler.Debug = "True"
		Release.AspNetCompiler.VirtualPath = "/localhost_58479"
		Release.AspNetCompiler.PhysicalPath = "IdanShalomWebSite\"
		Release.AspNetCompiler.TargetPath = "PrecompiledWeb\localhost_58479\"
		Release.AspNetCompiler.Updateable = "true"
		Release.AspNetCompiler.ForceOverwrite = "true"
		Release.AspNetCompiler.FixedNames = "false"
		Release.AspNetCompiler.Debug = "False"
		VWDPort = "58479"
		SlnRelativePath = "IdanShalomWebSite\"
		DefaultWebSiteLanguage = "Visual C#"
	EndProjectSection
EndProject
Global
	GlobalSection(SolutionConfigurationPlatforms) = preSolution
		Debug|Any CPU = Debug|Any CPU
	EndGlobalSection
	GlobalSection(ProjectConfigurationPlatforms) = postSolution
		{7D91F4C9-C1B7-1122-4508-6AAD8D60AEFA}.Debug|Any CPU.ActiveCfg = Debug|Any CPU
		{7D91F4C9-C1B7-1122-4508-6AAD8D60AEFA}.Debug|Any CPU.Build.0 = Debug|Any CPU
	EndGlobalSection
	GlobalSection(SolutionProperties) = preSolution
		HideSolutionNode = FALSE
	EndGlobalSection
	GlobalSection(ExtensibilityGlobals) = postSolution
		SolutionGuid = {22353D99-71EA-4904-9A36-92A728E820C2}
	EndGlobalSection
EndGlobal
